
Microsoft Visual Studio Solution File, Format Version 12.00
# Visual Studio Version 16
VisualStudioVersion = 16.0.29020.237
MinimumVisualStudioVersion = 10.0.40219.1
Project("{8BC9CEB8-8B4A-11D0-8D11-00A0C91BC942}") = "milestone", "milestone\milestone.vcxproj", "{366610BB-40C7-4930-907C-DC1C3A55A284}"
EndProject
Global
	GlobalSection(SolutionConfigurationPlatforms) = preSolution
		Debug|x64 = Debug|x64
		Debug|x86 = Debug|x86
		Release|x64 = Release|x64
		Release|x86 = Release|x86
	EndGlobalSection
	GlobalSection(ProjectConfigurationPlatforms) = postSolution
		{366610BB-40C7-4930-907C-DC1C3A55A284}.Debug|x64.ActiveCfg = Debug|x64
		{366610BB-40C7-4930-907C-DC1C3A55A284}.Debug|x64.Build.0 = Debug|x64
		{366610BB-40C7-4930-907C-DC1C3A55A284}.Debug|x86.ActiveCfg = Debug|Win32
		{366610BB-40C7-4930-907C-DC1C3A55A284}.Debug|x86.Build.0 = Debug|Win32
		{366610BB-40C7-4930-907C-DC1C3A55A284}.Release|x64.ActiveCfg = Release|x64
		{366610BB-40C7-4930-907C-DC1C3A55A284}.Release|x64.Build.0 = Release|x64
		{366610BB-40C7-4930-907C-DC1C3A55A284}.Release|x86.ActiveCfg = Release|Win32
		{366610BB-40C7-4930-907C-DC1C3A55A284}.Release|x86.Build.0 = Release|Win32
	EndGlobalSection
	GlobalSection(SolutionProperties) = preSolution
		HideSolutionNode = FALSE
	EndGlobalSection
	GlobalSection(ExtensibilityGlobals) = postSolution
		SolutionGuid = {A3953289-8C38-4E55-AB41-4B70ED5DAC72}
	EndGlobalSection
EndGlobal
